
Microsoft Visual Studio Solution File, Format Version 12.00
# Visual Studio Version 17
VisualStudioVersion = 17.9.34607.119
MinimumVisualStudioVersion = 10.0.40219.1
Project("{FAE04EC0-301F-11D3-BF4B-00C04F79EFBC}") = "VacancyImportService.API", "VacancyImportService.API.csproj", "{D875EE4F-331D-47E8-B722-5CEB221BFA4C}"
EndProject
Global
	GlobalSection(SolutionConfigurationPlatforms) = preSolution
		Debug|Any CPU = Debug|Any CPU
		Release|Any CPU = Release|Any CPU
	EndGlobalSection
	GlobalSection(ProjectConfigurationPlatforms) = postSolution
		{D875EE4F-331D-47E8-B722-5CEB221BFA4C}.Debug|Any CPU.ActiveCfg = Debug|Any CPU
		{D875EE4F-331D-47E8-B722-5CEB221BFA4C}.Debug|Any CPU.Build.0 = Debug|Any CPU
		{D875EE4F-331D-47E8-B722-5CEB221BFA4C}.Release|Any CPU.ActiveCfg = Release|Any CPU
		{D875EE4F-331D-47E8-B722-5CEB221BFA4C}.Release|Any CPU.Build.0 = Release|Any CPU
	EndGlobalSection
	GlobalSection(SolutionProperties) = preSolution
		HideSolutionNode = FALSE
	EndGlobalSection
	GlobalSection(ExtensibilityGlobals) = postSolution
		SolutionGuid = {47AD2198-EAE7-4649-92EF-614E5E0AB436}
	EndGlobalSection
EndGlobal
